uuid: ae0c62a5-c286-44f8-9bcf-67083d9b931e
langcode: en
status: true
dependencies: {  }
id: uscourtsd7_custom_block
class: Drupal\migrate\Plugin\Migration
field_plugin_method: null
cck_plugin_method: null
migration_tags:
  - 'Drupal 7'
  - Content
migration_group: migrate_drupal_7
label: 'Content blocks'
source:
  plugin: d7_block_custom
process:
  id:
    -
      plugin: get
      source: bid
  info:
    -
      plugin: get
      source: info
  body/format:
    -
      plugin: migration_lookup
      migration: uscourtsd7_filter_format
      source: format
  body/value:
    -
      plugin: get
      source: body
destination:
  plugin: 'entity:block_content'
  default_bundle: basic
  no_stub: true
migration_dependencies:
  required:
    - uscourtsd7_filter_format
    - uscourtsblock_content_body_field
  optional:
    - uscourtsd7_filter_format
